
Microsoft Visual Studio Solution File, Format Version 12.00
# Visual Studio 15
VisualStudioVersion = 15.0.26430.6
MinimumVisualStudioVersion = 10.0.40219.1
Project("{2150E333-8FDC-42A3-9474-1A3956D46DE8}") = "Document", "Document", "{940356F9-9A2C-40A9-83B1-872571957428}"
EndProject
Project("{9A19103F-16F7-4668-BE54-9A1E7A4F7556}") = "RAML.Document", "..\Raml.Document\RAML.Document.csproj", "{5FF6B729-5DEB-4D9D-A748-356DA507C5FC}"
EndProject
Project("{2150E333-8FDC-42A3-9474-1A3956D46DE8}") = "Tests", "Tests", "{D2E38760-8621-4D7A-97B1-FD2080628B57}"
EndProject
Project("{FAE04EC0-301F-11D3-BF4B-00C04F79EFBC}") = "RAML.Document.CoreTests", "..\RAML.Document.CoreTests\RAML.Document.CoreTests.csproj", "{50CB48F0-087D-42AD-8C27-AE2255F01B9E}"
EndProject
Project("{2150E333-8FDC-42A3-9474-1A3956D46DE8}") = "T4Generator", "T4Generator", "{C236487F-B8DB-4706-A27A-4D1126DD0D66}"
EndProject
Project("{FAE04EC0-301F-11D3-BF4B-00C04F79EFBC}") = "RAML.CodeGen", "..\RAML.CodeGen\RAML.CodeGen.csproj", "{9DEF80D4-3901-43BC-BCA5-90B340321B0D}"
EndProject
Project("{2150E333-8FDC-42A3-9474-1A3956D46DE8}") = "API", "API", "{33E0F65A-585D-44F0-AF86-B9E06ACD3299}"
EndProject
Project("{FAE04EC0-301F-11D3-BF4B-00C04F79EFBC}") = "RAML.APITools", "..\RAML.APITools\RAML.APITools.csproj", "{4A0EB498-B40F-46B7-9C54-12A30C66695C}"
EndProject
Global
	GlobalSection(SolutionConfigurationPlatforms) = preSolution
		Debug|Any CPU = Debug|Any CPU
		Release|Any CPU = Release|Any CPU
	EndGlobalSection
	GlobalSection(ProjectConfigurationPlatforms) = postSolution
		{5FF6B729-5DEB-4D9D-A748-356DA507C5FC}.Debug|Any CPU.ActiveCfg = Debug|Any CPU
		{5FF6B729-5DEB-4D9D-A748-356DA507C5FC}.Debug|Any CPU.Build.0 = Debug|Any CPU
		{5FF6B729-5DEB-4D9D-A748-356DA507C5FC}.Release|Any CPU.ActiveCfg = Release|Any CPU
		{5FF6B729-5DEB-4D9D-A748-356DA507C5FC}.Release|Any CPU.Build.0 = Release|Any CPU
		{50CB48F0-087D-42AD-8C27-AE2255F01B9E}.Debug|Any CPU.ActiveCfg = Debug|Any CPU
		{50CB48F0-087D-42AD-8C27-AE2255F01B9E}.Debug|Any CPU.Build.0 = Debug|Any CPU
		{50CB48F0-087D-42AD-8C27-AE2255F01B9E}.Release|Any CPU.ActiveCfg = Release|Any CPU
		{50CB48F0-087D-42AD-8C27-AE2255F01B9E}.Release|Any CPU.Build.0 = Release|Any CPU
		{9DEF80D4-3901-43BC-BCA5-90B340321B0D}.Debug|Any CPU.ActiveCfg = Debug|Any CPU
		{9DEF80D4-3901-43BC-BCA5-90B340321B0D}.Debug|Any CPU.Build.0 = Debug|Any CPU
		{9DEF80D4-3901-43BC-BCA5-90B340321B0D}.Release|Any CPU.ActiveCfg = Release|Any CPU
		{9DEF80D4-3901-43BC-BCA5-90B340321B0D}.Release|Any CPU.Build.0 = Release|Any CPU
		{4A0EB498-B40F-46B7-9C54-12A30C66695C}.Debug|Any CPU.ActiveCfg = Debug|Any CPU
		{4A0EB498-B40F-46B7-9C54-12A30C66695C}.Debug|Any CPU.Build.0 = Debug|Any CPU
		{4A0EB498-B40F-46B7-9C54-12A30C66695C}.Release|Any CPU.ActiveCfg = Release|Any CPU
		{4A0EB498-B40F-46B7-9C54-12A30C66695C}.Release|Any CPU.Build.0 = Release|Any CPU
	EndGlobalSection
	GlobalSection(SolutionProperties) = preSolution
		HideSolutionNode = FALSE
	EndGlobalSection
	GlobalSection(NestedProjects) = preSolution
		{5FF6B729-5DEB-4D9D-A748-356DA507C5FC} = {940356F9-9A2C-40A9-83B1-872571957428}
		{D2E38760-8621-4D7A-97B1-FD2080628B57} = {940356F9-9A2C-40A9-83B1-872571957428}
		{50CB48F0-087D-42AD-8C27-AE2255F01B9E} = {D2E38760-8621-4D7A-97B1-FD2080628B57}
		{9DEF80D4-3901-43BC-BCA5-90B340321B0D} = {C236487F-B8DB-4706-A27A-4D1126DD0D66}
		{4A0EB498-B40F-46B7-9C54-12A30C66695C} = {33E0F65A-585D-44F0-AF86-B9E06ACD3299}
	EndGlobalSection
EndGlobal
